
Microsoft Visual Studio Solution File, Format Version 12.00
# Visual Studio Version 17
VisualStudioVersion = 17.6.33815.320
MinimumVisualStudioVersion = 10.0.40219.1
Project("{FAE04EC0-301F-11D3-BF4B-00C04F79EFBC}") = "EnityFrameworkProject", "EnityFrameworkProject\EnityFrameworkProject.csproj", "{5ECF5BF2-E81E-4E50-8CEE-6A6572C937EC}"
EndProject
Project("{2150E333-8FDC-42A3-9474-1A3956D46DE8}") = "Elementy rozwiązania", "Elementy rozwiązania", "{4C750DE6-D26D-475B-9021-5DF310E7EC30}"
EndProject
Global
	GlobalSection(SolutionConfigurationPlatforms) = preSolution
		Debug|Any CPU = Debug|Any CPU
		Release|Any CPU = Release|Any CPU
	EndGlobalSection
	GlobalSection(ProjectConfigurationPlatforms) = postSolution
		{5ECF5BF2-E81E-4E50-8CEE-6A6572C937EC}.Debug|Any CPU.ActiveCfg = Debug|Any CPU
		{5ECF5BF2-E81E-4E50-8CEE-6A6572C937EC}.Debug|Any CPU.Build.0 = Debug|Any CPU
		{5ECF5BF2-E81E-4E50-8CEE-6A6572C937EC}.Release|Any CPU.ActiveCfg = Release|Any CPU
		{5ECF5BF2-E81E-4E50-8CEE-6A6572C937EC}.Release|Any CPU.Build.0 = Release|Any CPU
	EndGlobalSection
	GlobalSection(SolutionProperties) = preSolution
		HideSolutionNode = FALSE
	EndGlobalSection
	GlobalSection(ExtensibilityGlobals) = postSolution
		SolutionGuid = {C41448F5-2310-450A-9925-305441FBF3F6}
	EndGlobalSection
EndGlobal
